
Microsoft Visual Studio Solution File, Format Version 12.00
Project("{FAE04EC0-301F-11D3-BF4B-00C04F79EFBC}") = "GPIB.Models", "GPIB.Models\GPIB.Models.csproj", "{BC23CB92-F9DA-4D4A-9D70-4647077D365C}"
EndProject
Project("{FAE04EC0-301F-11D3-BF4B-00C04F79EFBC}") = "GPIB.Models.Tests", "GPIB.Models.Tests\GPIB.Models.Tests.csproj", "{C978A9A4-8182-4807-B883-9B8E38F1B912}"
EndProject
Global
	GlobalSection(SolutionConfigurationPlatforms) = preSolution
		Debug|Any CPU = Debug|Any CPU
		Release|Any CPU = Release|Any CPU
	EndGlobalSection
	GlobalSection(ProjectConfigurationPlatforms) = postSolution
		{BC23CB92-F9DA-4D4A-9D70-4647077D365C}.Debug|Any CPU.ActiveCfg = Debug|Any CPU
		{BC23CB92-F9DA-4D4A-9D70-4647077D365C}.Debug|Any CPU.Build.0 = Debug|Any CPU
		{BC23CB92-F9DA-4D4A-9D70-4647077D365C}.Release|Any CPU.ActiveCfg = Release|Any CPU
		{BC23CB92-F9DA-4D4A-9D70-4647077D365C}.Release|Any CPU.Build.0 = Release|Any CPU
		{C978A9A4-8182-4807-B883-9B8E38F1B912}.Debug|Any CPU.ActiveCfg = Debug|Any CPU
		{C978A9A4-8182-4807-B883-9B8E38F1B912}.Debug|Any CPU.Build.0 = Debug|Any CPU
		{C978A9A4-8182-4807-B883-9B8E38F1B912}.Release|Any CPU.ActiveCfg = Release|Any CPU
		{C978A9A4-8182-4807-B883-9B8E38F1B912}.Release|Any CPU.Build.0 = Release|Any CPU
	EndGlobalSection
EndGlobal
